// !$*UTF8*$!
{
	archiveVersion = 1;
	classes = {
	};
	objectVersion = 50;
	objects = {

/* Begin PBXBuildFile section */
		0808677F236EF9E9001B1269 /* AppDelegate.swift in Sources */ = {isa = PBXBuildFile; fileRef = 0808677E236EF9E9001B1269 /* AppDelegate.swift */; };
		08086781236EF9E9001B1269 /* SceneDelegate.swift in Sources */ = {isa = PBXBuildFile; fileRef = 08086780236EF9E9001B1269 /* SceneDelegate.swift */; };
		08086783236EF9E9001B1269 /* ViewController.swift in Sources */ = {isa = PBXBuildFile; fileRef = 08086782236EF9E9001B1269 /* ViewController.swift */; };
		08086786236EF9E9001B1269 /* Main.storyboard in Resources */ = {isa = PBXBuildFile; fileRef = 08086784236EF9E9001B1269 /* Main.storyboard */; };
		08086788236EF9EB001B1269 /* Assets.xcassets in Resources */ = {isa = PBXBuildFile; fileRef = 08086787236EF9EB001B1269 /* Assets.xcassets */; };
		0808678B236EF9EB001B1269 /* LaunchScreen.storyboard in Resources */ = {isa = PBXBuildFile; fileRef = 08086789236EF9EB001B1269 /* LaunchScreen.storyboard */; };
/* End PBXBuildFile section */

/* Begin PBXFileReference section */
		0808677B236EF9E9001B1269 /* Clipboard_App.app */ = {isa = PBXFileReference; explicitFileType = wrapper.application; includeInIndex = 0; path = Clipboard_App.app; sourceTree = BUILT_PRODUCTS_DIR; };
		0808677E236EF9E9001B1269 /* AppDelegate.swift */ = {isa = PBXFileReference; lastKnownFileType = sourcecode.swift; path = AppDelegate.swift; sourceTree = "<group>"; };
		08086780236EF9E9001B1269 /* SceneDelegate.swift */ = {isa = PBXFileReference; lastKnownFileType = sourcecode.swift; path = SceneDelegate.swift; sourceTree = "<group>"; };
		08086782236EF9E9001B1269 /* ViewController.swift */ = {isa = PBXFileReference; lastKnownFileType = sourcecode.swift; path = ViewController.swift; sourceTree = "<group>"; };
		08086785236EF9E9001B1269 /* Base */ = {isa = PBXFileReference; lastKnownFileType = file.storyboard; name = Base; path = Base.lproj/Main.storyboard; sourceTree = "<group>"; };
		08086787236EF9EB001B1269 /* Assets.xcassets */ = {isa = PBXFileReference; lastKnownFileType = folder.assetcatalog; path = Assets.xcassets; sourceTree = "<group>"; };
		0808678A236EF9EB001B1269 /* Base */ = {isa = PBXFileReference; lastKnownFileType = file.storyboard; name = Base; path = Base.lproj/LaunchScreen.storyboard; sourceTree = "<group>"; };
		0808678C236EF9EB001B1269 /* Info.plist */ = {isa = PBXFileReference; lastKnownFileType = text.plist.xml; path = Info.plist; sourceTree = "<group>"; };
/* End PBXFileReference section */

/* Begin PBXFrameworksBuildPhase section */
		08086778236EF9E9001B1269 /* Frameworks */ = {
			isa = PBXFrameworksBuildPhase;
			buildActionMask = 2147483647;
			files = (
			);
			runOnlyForDeploymentPostprocessing = 0;
		};
/* End PBXFrameworksBuildPhase section */

/* Begin PBXGroup section */
		08086772236EF9E9001B1269 = {
			isa = PBXGroup;
			children = (
				0808677D236EF9E9001B1269 /* Clipboard_App */,
				0808677C236EF9E9001B1269 /* Products */,
			);
			sourceTree = "<group>";
		};
		0808677C236EF9E9001B1269 /* Products */ = {
			isa = PBXGroup;
			children = (
				0808677B236EF9E9001B1269 /* Clipboard_App.app */,
			);
			name = Products;
			sourceTree = "<group>";
		};
		0808677D236EF9E9001B1269 /* Clipboard_App */ = {
			isa = PBXGroup;
			children = (
				0808677E236EF9E9001B1269 /* AppDelegate.swift */,
				08086780236EF9E9001B1269 /* SceneDelegate.swift */,
				08086782236EF9E9001B1269 /* ViewController.swift */,
				08086784236EF9E9001B1269 /* Main.storyboard */,
				08086787236EF9EB001B1269 /* Assets.xcassets */,
				08086789236EF9EB001B1269 /* LaunchScreen.storyboard */,
				0808678C236EF9EB001B1269 /* Info.plist */,
			);
			path = Clipboard_App;
			sourceTree = "<group>";
		};
/* End PBXGroup section */

/* Begin PBXNativeTarget section */
		0808677A236EF9E9001B1269 /* Clipboard_App */ = {
			isa = PBXNativeTarget;
			buildConfigurationList = 0808678F236EF9EB001B1269 /* Build configuration list for PBXNativeTarget "Clipboard_App" */;
			buildPhases = (
				08086777236EF9E9001B1269 /* Sources */,
				08086778236EF9E9001B1269 /* Frameworks */,
				08086779236EF9E9001B1269 /* Resources */,
			);
			buildRules = (
			);
			dependencies = (
			);
			name = Clipboard_App;
			productName = Clipboard_App;
			productReference = 0808677B236EF9E9001B1269 /* Clipboard_App.app */;
			productType = "com.apple.product-type.application";
		};
/* End PBXNativeTarget section */

/* Begin PBXProject section */
		08086773236EF9E9001B1269 /* Project object */ = {
			isa = PBXProject;
			attributes = {
				LastSwiftUpdateCheck = 1120;
				LastUpgradeCheck = 1120;
				ORGANIZATIONNAME = vijaygenius123;
				TargetAttributes = {
					0808677A236EF9E9001B1269 = {
						CreatedOnToolsVersion = 11.2;
					};
				};
			};
			buildConfigurationList = 08086776236EF9E9001B1269 /* Build configuration list for PBXProject "Clipboard_App" */;
			compatibilityVersion = "Xcode 9.3";
			developmentRegion = en;
			hasScannedForEncodings = 0;
			knownRegions = (
				en,
				Base,
			);
			mainGroup = 08086772236EF9E9001B1269;
			productRefGroup = 0808677C236EF9E9001B1269 /* Products */;
			projectDirPath = "";
			projectRoot = "";
			targets = (
				0808677A236EF9E9001B1269 /* Clipboard_App */,
			);
		};
/* End PBXProject section */

/* Begin PBXResourcesBuildPhase section */
		08086779236EF9E9001B1269 /* Resources */ = {
			isa = PBXResourcesBuildPhase;
			buildActionMask = 2147483647;
			files = (
				0808678B236EF9EB001B1269 /* LaunchScreen.storyboard in Resources */,
				08086788236EF9EB001B1269 /* Assets.xcassets in Resources */,
				08086786236EF9E9001B1269 /* Main.storyboard in Resources */,
			);
			runOnlyForDeploymentPostprocessing = 0;
		};
/* End PBXResourcesBuildPhase section */

/* Begin PBXSourcesBuildPhase section */
		08086777236EF9E9001B1269 /* Sources */ = {
			isa = PBXSourcesBuildPhase;
			buildActionMask = 2147483647;
			files = (
				08086783236EF9E9001B1269 /* ViewController.swift in Sources */,
				0808677F236EF9E9001B1269 /* AppDelegate.swift in Sources */,
				08086781236EF9E9001B1269 /* SceneDelegate.swift in Sources */,
			);
			runOnlyForDeploymentPostprocessing = 0;
		};
/* End PBXSourcesBuildPhase section */

/* Begin PBXVariantGroup section */
		08086784236EF9E9001B1269 /* Main.storyboard */ = {
			isa = PBXVariantGroup;
			children = (
				08086785236EF9E9001B1269 /* Base */,
			);
			name = Main.storyboard;
			sourceTree = "<group>";
		};
		08086789236EF9EB001B1269 /* LaunchScreen.storyboard */ = {
			isa = PBXVariantGroup;
			children = (
				0808678A236EF9EB001B1269 /* Base */,
			);
			name = LaunchScreen.storyboard;
			sourceTree = "<group>";
		};
/* End PBXVariantGroup section */

/* Begin XCBuildConfiguration section */
		0808678D236EF9EB001B1269 /* Debug */ = {
			isa = XCBuildConfiguration;
			buildSettings = {
				ALWAYS_SEARCH_USER_PATHS = NO;
				CLANG_ANALYZER_NONNULL = YES;
				CLANG_ANALYZER_NUMBER_OBJECT_CONVERSION = YES_AGGRESSIVE;
				CLANG_CXX_LANGUAGE_STANDARD = "gnu++14";
				CLANG_CXX_LIBRARY = "libc++";
				CLANG_ENABLE_MODULES = YES;
				CLANG_ENABLE_OBJC_ARC = YES;
				CLANG_ENABLE_OBJC_WEAK = YES;
				CLANG_WARN_BLOCK_CAPTURE_AUTORELEASING = YES;
				CLANG_WARN_BOOL_CONVERSION = YES;
				CLANG_WARN_COMMA = YES;
				CLANG_WARN_CONSTANT_CONVERSION = YES;
				CLANG_WARN_DEPRECATED_OBJC_IMPLEMENTATIONS = YES;
				CLANG_WARN_DIRECT_OBJC_ISA_USAGE = YES_ERROR;
				CLANG_WARN_DOCUMENTATION_COMMENTS = YES;
				CLANG_WARN_EMPTY_BODY = YES;
				CLANG_WARN_ENUM_CONVERSION = YES;
				CLANG_WARN_INFINITE_RECURSION = YES;
				CLANG_WARN_INT_CONVERSION = YES;
				CLANG_WARN_NON_LITERAL_NULL_CONVERSION = YES;
				CLANG_WARN_OBJC_IMPLICIT_RETAIN_SELF = YES;
				CLANG_WARN_OBJC_LITERAL_CONVERSION = YES;
				CLANG_WARN_OBJC_ROOT_CLASS = YES_ERROR;
				CLANG_WARN_RANGE_LOOP_ANALYSIS = YES;
				CLANG_WARN_STRICT_PROTOTYPES = YES;
				CLANG_WARN_SUSPICIOUS_MOVE = YES;
				CLANG_WARN_UNGUARDED_AVAILABILITY = YES_AGGRESSIVE;
				CLANG_WARN_UNREACHABLE_CODE = YES;
				CLANG_WARN__DUPLICATE_METHOD_MATCH = YES;
				COPY_PHASE_STRIP = NO;
				DEBUG_INFORMATION_FORMAT = dwarf;
				ENABLE_STRICT_OBJC_MSGSEND = YES;
				ENABLE_TESTABILITY = YES;
				GCC_C_LANGUAGE_STANDARD = gnu11;
				GCC_DYNAMIC_NO_PIC = NO;
				GCC_NO_COMMON_BLOCKS = YES;
				GCC_OPTIMIZATION_LEVEL = 0;
				GCC_PREPROCESSOR_DEFINITIONS = (
					"DEBUG=1",
					"$(inherited)",
				);
				GCC_WARN_64_TO_32_BIT_CONVERSION = YES;
				GCC_WARN_ABOUT_RETURN_TYPE = YES_ERROR;
				GCC_WARN_UNDECLARED_SELECTOR = YES;
				GCC_WARN_UNINITIALIZED_AUTOS = YES_AGGRESSIVE;
				GCC_WARN_UNUSED_FUNCTION = YES;
				GCC_WARN_UNUSED_VARIABLE = YES;
				IPHONEOS_DEPLOYMENT_TARGET = 13.2;
				MTL_ENABLE_DEBUG_INFO = INCLUDE_SOURCE;
				MTL_FAST_MATH = YES;
				ONLY_ACTIVE_ARCH = YES;
				SDKROOT = iphoneos;
				SWIFT_ACTIVE_COMPILATION_CONDITIONS = DEBUG;
				SWIFT_OPTIMIZATION_LEVEL = "-Onone";
			};
			name = Debug;
		};
		0808678E236EF9EB001B1269 /* Release */ = {
			isa = XCBuildConfiguration;
			buildSettings = {
				ALWAYS_SEARCH_USER_PATHS = NO;
				CLANG_ANALYZER_NONNULL = YES;
				CLANG_ANALYZER_NUMBER_OBJECT_CONVERSION = YES_AGGRESSIVE;
				CLANG_CXX_LANGUAGE_STANDARD = "gnu++14";
				CLANG_CXX_LIBRARY = "libc++";
				CLANG_ENABLE_MODULES = YES;
				CLANG_ENABLE_OBJC_ARC = YES;
				CLANG_ENABLE_OBJC_WEAK = YES;
				CLANG_WARN_BLOCK_CAPTURE_AUTORELEASING = YES;
				CLANG_WARN_BOOL_CONVERSION = YES;
				CLANG_WARN_COMMA = YES;
				CLANG_WARN_CONSTANT_CONVERSION = YES;
				CLANG_WARN_DEPRECATED_OBJC_IMPLEMENTATIONS = YES;
				CLANG_WARN_DIRECT_OBJC_ISA_USAGE = YES_ERROR;
				CLANG_WARN_DOCUMENTATION_COMMENTS = YES;
				CLANG_WARN_EMPTY_BODY = YES;
				CLANG_WARN_ENUM_CONVERSION = YES;
				CLANG_WARN_INFINITE_RECURSION = YES;
				CLANG_WARN_INT_CONVERSION = YES;
				CLANG_WARN_NON_LITERAL_NULL_CONVERSION = YES;
				CLANG_WARN_OBJC_IMPLICIT_RETAIN_SELF = YES;
				CLANG_WARN_OBJC_LITERAL_CONVERSION = YES;
				CLANG_WARN_OBJC_ROOT_CLASS = YES_ERROR;
				CLANG_WARN_RANGE_LOOP_ANALYSIS = YES;
				CLANG_WARN_STRICT_PROTOTYPES = YES;
				CLANG_WARN_SUSPICIOUS_MOVE = YES;
				CLANG_WARN_UNGUARDED_AVAILABILITY = YES_AGGRESSIVE;
				CLANG_WARN_UNREACHABLE_CODE = YES;
				CLANG_WARN__DUPLICATE_METHOD_MATCH = YES;
				COPY_PHASE_STRIP = NO;
				DEBUG_INFORMATION_FORMAT = "dwarf-with-dsym";
				ENABLE_NS_ASSERTIONS = NO;
				ENABLE_STRICT_OBJC_MSGSEND = YES;
				GCC_C_LANGUAGE_STANDARD = gnu11;
				GCC_NO_COMMON_BLOCKS = YES;
				GCC_WARN_64_TO_32_BIT_CONVERSION = YES;
				GCC_WARN_ABOUT_RETURN_TYPE = YES_ERROR;
				GCC_WARN_UNDECLARED_SELECTOR = YES;
				GCC_WARN_UNINITIALIZED_AUTOS = YES_AGGRESSIVE;
				GCC_WARN_UNUSED_FUNCTION = YES;
				GCC_WARN_UNUSED_VARIABLE = YES;
				IPHONEOS_DEPLOYMENT_TARGET = 13.2;
				MTL_ENABLE_DEBUG_INFO = NO;
				MTL_FAST_MATH = YES;
				SDKROOT = iphoneos;
				SWIFT_COMPILATION_MODE = wholemodule;
				SWIFT_OPTIMIZATION_LEVEL = "-O";
				VALIDATE_PRODUCT = YES;
			};
			name = Release;
		};
		08086790236EF9EB001B1269 /* Debug */ = {
			isa = XCBuildConfiguration;
			buildSettings = {
				ASSETCATALOG_COMPILER_APPICON_NAME = AppIcon;
				CODE_SIGN_STYLE = Automatic;
				DEVELOPMENT_TEAM = 5PNKL6SL4L;
				INFOPLIST_FILE = Clipboard_App/Info.plist;
				LD_RUNPATH_SEARCH_PATHS = (
					"$(inherited)",
					"@executable_path/Frameworks",
				);
				PRODUCT_BUNDLE_IDENTIFIER = "com.vijaygenius123.Clipboard-App";
				PRODUCT_NAME = "$(TARGET_NAME)";
				SWIFT_VERSION = 5.0;
				TARGETED_DEVICE_FAMILY = "1,2";
			};
			name = Debug;
		};
		08086791236EF9EB001B1269 /* Release */ = {
			isa = XCBuildConfiguration;
			buildSettings = {
				ASSETCATALOG_COMPILER_APPICON_NAME = AppIcon;
				CODE_SIGN_STYLE = Automatic;
				DEVELOPMENT_TEAM = 5PNKL6SL4L;
				INFOPLIST_FILE = Clipboard_App/Info.plist;
				LD_RUNPATH_SEARCH_PATHS = (
					"$(inherited)",
					"@executable_path/Frameworks",
				);
				PRODUCT_BUNDLE_IDENTIFIER = "com.vijaygenius123.Clipboard-App";
				PRODUCT_NAME = "$(TARGET_NAME)";
				SWIFT_VERSION = 5.0;
				TARGETED_DEVICE_FAMILY = "1,2";
			};
			name = Release;
		};
/* End XCBuildConfiguration section */

/* Begin XCConfigurationList section */
		08086776236EF9E9001B1269 /* Build configuration list for PBXProject "Clipboard_App" */ = {
			isa = XCConfigurationList;
			buildConfigurations = (
				0808678D236EF9EB001B1269 /* Debug */,
				0808678E236EF9EB001B1269 /* Release */,
			);
			defaultConfigurationIsVisible = 0;
			defaultConfigurationName = Release;
		};
		0808678F236EF9EB001B1269 /* Build configuration list for PBXNativeTarget "Clipboard_App" */ = {
			isa = XCConfigurationList;
			buildConfigurations = (
				08086790236EF9EB001B1269 /* Debug */,
				08086791236EF9EB001B1269 /* Release */,
			);
			defaultConfigurationIsVisible = 0;
			defaultConfigurationName = Release;
		};
/* End XCConfigurationList section */
	};
	rootObject = 08086773236EF9E9001B1269 /* Project object */;
}
